
Microsoft Visual Studio Solution File, Format Version 12.00
# Visual Studio 15
VisualStudioVersion = 15.0.28010.2050
MinimumVisualStudioVersion = 10.0.40219.1
Project("{FAE04EC0-301F-11D3-BF4B-00C04F79EFBC}") = "SpamUserBanner", "SpamUserBanner\SpamUserBanner.csproj", "{C8D30989-D97B-4A26-9ADB-4CAB5D8EFAD0}"
EndProject
Global
	GlobalSection(SolutionConfigurationPlatforms) = preSolution
		Debug|Any CPU = Debug|Any CPU
		Release|Any CPU = Release|Any CPU
	EndGlobalSection
	GlobalSection(ProjectConfigurationPlatforms) = postSolution
		{C8D30989-D97B-4A26-9ADB-4CAB5D8EFAD0}.Debug|Any CPU.ActiveCfg = Debug|Any CPU
		{C8D30989-D97B-4A26-9ADB-4CAB5D8EFAD0}.Debug|Any CPU.Build.0 = Debug|Any CPU
		{C8D30989-D97B-4A26-9ADB-4CAB5D8EFAD0}.Release|Any CPU.ActiveCfg = Release|Any CPU
		{C8D30989-D97B-4A26-9ADB-4CAB5D8EFAD0}.Release|Any CPU.Build.0 = Release|Any CPU
	EndGlobalSection
	GlobalSection(SolutionProperties) = preSolution
		HideSolutionNode = FALSE
	EndGlobalSection
	GlobalSection(ExtensibilityGlobals) = postSolution
		SolutionGuid = {9E5FE922-C361-4D72-87F1-D838315F7F61}
	EndGlobalSection
EndGlobal
